
Microsoft Visual Studio Solution File, Format Version 12.00
# Visual Studio Version 16
VisualStudioVersion = 16.0.32002.261
MinimumVisualStudioVersion = 10.0.40219.1
Project("{9A19103F-16F7-4668-BE54-9A1E7A4F7556}") = "web_app", "web_app.csproj", "{C9F48952-8DE3-436E-AD39-F5736C95CD45}"
EndProject
Global
	GlobalSection(SolutionConfigurationPlatforms) = preSolution
		Debug|Any CPU = Debug|Any CPU
		Release|Any CPU = Release|Any CPU
	EndGlobalSection
	GlobalSection(ProjectConfigurationPlatforms) = postSolution
		{C9F48952-8DE3-436E-AD39-F5736C95CD45}.Debug|Any CPU.ActiveCfg = Debug|Any CPU
		{C9F48952-8DE3-436E-AD39-F5736C95CD45}.Debug|Any CPU.Build.0 = Debug|Any CPU
		{C9F48952-8DE3-436E-AD39-F5736C95CD45}.Release|Any CPU.ActiveCfg = Release|Any CPU
		{C9F48952-8DE3-436E-AD39-F5736C95CD45}.Release|Any CPU.Build.0 = Release|Any CPU
	EndGlobalSection
	GlobalSection(SolutionProperties) = preSolution
		HideSolutionNode = FALSE
	EndGlobalSection
	GlobalSection(ExtensibilityGlobals) = postSolution
		SolutionGuid = {BABFBDC8-E2A8-4A6B-B697-667EF68B9E53}
	EndGlobalSection
EndGlobal
